{
  "name": "pa_owner_app",
  "version": "0.0.1",
  "lockfileVersion": 1,
  "requires": true,
  "dependencies": {
    "react-native-device-info": {
      "version": "10.13.1",
      "resolved": "https://registry.npmjs.org/react-native-device-info/-/react-native-device-info-10.13.1.tgz",
      "integrity": "sha512-j/7Z+Yl9Cesjp8vKaVzbuJQKJSVs4ojXATt5WjwipZ0Ss0mBJjqtbc4x5dfZLmQ4y55VVa7c0v8KHca1iqY/TQ=="
    }
  }
}
